
Microsoft Visual Studio Solution File, Format Version 12.00
# Visual Studio 15
VisualStudioVersion = 15.0.27130.2020
MinimumVisualStudioVersion = 10.0.40219.1
Project("{888888A0-9F3D-457C-B088-3A5042F75D52}") = "Coding_practice", "Coding_practice.pyproj", "{88FB5990-A28C-4FEF-B1D9-AAD040D810C1}"
EndProject
Global
	GlobalSection(SolutionConfigurationPlatforms) = preSolution
		Debug|Any CPU = Debug|Any CPU
		Release|Any CPU = Release|Any CPU
	EndGlobalSection
	GlobalSection(ProjectConfigurationPlatforms) = postSolution
		{88FB5990-A28C-4FEF-B1D9-AAD040D810C1}.Debug|Any CPU.ActiveCfg = Debug|Any CPU
		{88FB5990-A28C-4FEF-B1D9-AAD040D810C1}.Release|Any CPU.ActiveCfg = Release|Any CPU
	EndGlobalSection
	GlobalSection(SolutionProperties) = preSolution
		HideSolutionNode = FALSE
	EndGlobalSection
	GlobalSection(ExtensibilityGlobals) = postSolution
		SolutionGuid = {7A90253A-A14E-413C-8439-34F4AB61AB2C}
	EndGlobalSection
EndGlobal
